
Microsoft Visual Studio Solution File, Format Version 12.00
# Visual Studio 15
VisualStudioVersion = 15.0.28307.271
MinimumVisualStudioVersion = 10.0.40219.1
Project("{FAE04EC0-301F-11D3-BF4B-00C04F79EFBC}") = "WindowsFormsApp1", "WindowsFormsApp1\WindowsFormsApp1.csproj", "{B1457E93-6611-494A-A265-3C0ABD6E0FF2}"
EndProject
Global
	GlobalSection(SolutionConfigurationPlatforms) = preSolution
		Debug|Any CPU = Debug|Any CPU
		Release|Any CPU = Release|Any CPU
	EndGlobalSection
	GlobalSection(ProjectConfigurationPlatforms) = postSolution
		{B1457E93-6611-494A-A265-3C0ABD6E0FF2}.Debug|Any CPU.ActiveCfg = Debug|Any CPU
		{B1457E93-6611-494A-A265-3C0ABD6E0FF2}.Debug|Any CPU.Build.0 = Debug|Any CPU
		{B1457E93-6611-494A-A265-3C0ABD6E0FF2}.Release|Any CPU.ActiveCfg = Release|Any CPU
		{B1457E93-6611-494A-A265-3C0ABD6E0FF2}.Release|Any CPU.Build.0 = Release|Any CPU
	EndGlobalSection
	GlobalSection(SolutionProperties) = preSolution
		HideSolutionNode = FALSE
	EndGlobalSection
	GlobalSection(ExtensibilityGlobals) = postSolution
		SolutionGuid = {9947871C-337C-41DF-A901-6B457C965E99}
	EndGlobalSection
EndGlobal
